
Microsoft Visual Studio Solution File, Format Version 12.00
# Visual Studio Version 17
VisualStudioVersion = 17.8.34511.84
MinimumVisualStudioVersion = 10.0.40219.1
Project("{2150E333-8FDC-42A3-9474-1A3956D46DE8}") = "src", "src", "{03913A57-3D3D-494C-BCC2-2E4410906A51}"
EndProject
Project("{2150E333-8FDC-42A3-9474-1A3956D46DE8}") = "test", "test", "{42E25F8A-A5D3-4464-9C19-FE69380A6072}"
EndProject
Project("{FAE04EC0-301F-11D3-BF4B-00C04F79EFBC}") = "Sum.WebApi", "Sum.WebApi\Sum.WebApi.csproj", "{D4B5A0D0-38EC-404D-B3FD-424FE086A1D4}"
EndProject
Project("{2150E333-8FDC-42A3-9474-1A3956D46DE8}") = "Presentation", "Presentation", "{5C0AF7B6-09AE-4699-A0BC-AEEB11C9C3D1}"
EndProject
Project("{FAE04EC0-301F-11D3-BF4B-00C04F79EFBC}") = "Sum.Console", "Sum.Console\Sum.Console.csproj", "{1F5BB176-25B6-408B-BD2A-652F7FCD0773}"
EndProject
Project("{2150E333-8FDC-42A3-9474-1A3956D46DE8}") = "Infrastructure", "Infrastructure", "{A19F4D25-C86A-4E74-96E3-36300D810BC3}"
EndProject
Project("{FAE04EC0-301F-11D3-BF4B-00C04F79EFBC}") = "Sum.Infrastructure", "Sum.Infrastructure\Sum.Infrastructure.csproj", "{87055688-4D93-4F7E-8B8C-482C2DF60364}"
EndProject
Project("{FAE04EC0-301F-11D3-BF4B-00C04F79EFBC}") = "Sum.Persistence", "Sum.Persistence\Sum.Persistence.csproj", "{8E32F7E1-AB72-459A-98C6-D63D820FC888}"
EndProject
Project("{2150E333-8FDC-42A3-9474-1A3956D46DE8}") = "Core", "Core", "{930BFA77-BC4C-40F6-A457-01C10E0D2DB7}"
EndProject
Project("{FAE04EC0-301F-11D3-BF4B-00C04F79EFBC}") = "Sum.Application", "Sum.Application\Sum.Application.csproj", "{F8A54696-AEFD-45C0-9F0C-ADE1CDC03A43}"
EndProject
Project("{FAE04EC0-301F-11D3-BF4B-00C04F79EFBC}") = "Sum.Domain", "Sum.Domain\Sum.Domain.csproj", "{567F8400-1F99-4E66-B21B-8919BD5168C1}"
EndProject
Project("{FAE04EC0-301F-11D3-BF4B-00C04F79EFBC}") = "Sum.TestApp", "Sum.TestApp\Sum.TestApp.csproj", "{40C94627-0016-40F4-9356-C486B968FF43}"
EndProject
Global
	GlobalSection(SolutionConfigurationPlatforms) = preSolution
		Debug|Any CPU = Debug|Any CPU
		Release|Any CPU = Release|Any CPU
	EndGlobalSection
	GlobalSection(ProjectConfigurationPlatforms) = postSolution
		{D4B5A0D0-38EC-404D-B3FD-424FE086A1D4}.Debug|Any CPU.ActiveCfg = Debug|Any CPU
		{D4B5A0D0-38EC-404D-B3FD-424FE086A1D4}.Debug|Any CPU.Build.0 = Debug|Any CPU
		{D4B5A0D0-38EC-404D-B3FD-424FE086A1D4}.Release|Any CPU.ActiveCfg = Release|Any CPU
		{D4B5A0D0-38EC-404D-B3FD-424FE086A1D4}.Release|Any CPU.Build.0 = Release|Any CPU
		{1F5BB176-25B6-408B-BD2A-652F7FCD0773}.Debug|Any CPU.ActiveCfg = Debug|Any CPU
		{1F5BB176-25B6-408B-BD2A-652F7FCD0773}.Debug|Any CPU.Build.0 = Debug|Any CPU
		{1F5BB176-25B6-408B-BD2A-652F7FCD0773}.Release|Any CPU.ActiveCfg = Release|Any CPU
		{1F5BB176-25B6-408B-BD2A-652F7FCD0773}.Release|Any CPU.Build.0 = Release|Any CPU
		{87055688-4D93-4F7E-8B8C-482C2DF60364}.Debug|Any CPU.ActiveCfg = Debug|Any CPU
		{87055688-4D93-4F7E-8B8C-482C2DF60364}.Debug|Any CPU.Build.0 = Debug|Any CPU
		{87055688-4D93-4F7E-8B8C-482C2DF60364}.Release|Any CPU.ActiveCfg = Release|Any CPU
		{87055688-4D93-4F7E-8B8C-482C2DF60364}.Release|Any CPU.Build.0 = Release|Any CPU
		{8E32F7E1-AB72-459A-98C6-D63D820FC888}.Debug|Any CPU.ActiveCfg = Debug|Any CPU
		{8E32F7E1-AB72-459A-98C6-D63D820FC888}.Debug|Any CPU.Build.0 = Debug|Any CPU
		{8E32F7E1-AB72-459A-98C6-D63D820FC888}.Release|Any CPU.ActiveCfg = Release|Any CPU
		{8E32F7E1-AB72-459A-98C6-D63D820FC888}.Release|Any CPU.Build.0 = Release|Any CPU
		{F8A54696-AEFD-45C0-9F0C-ADE1CDC03A43}.Debug|Any CPU.ActiveCfg = Debug|Any CPU
		{F8A54696-AEFD-45C0-9F0C-ADE1CDC03A43}.Debug|Any CPU.Build.0 = Debug|Any CPU
		{F8A54696-AEFD-45C0-9F0C-ADE1CDC03A43}.Release|Any CPU.ActiveCfg = Release|Any CPU
		{F8A54696-AEFD-45C0-9F0C-ADE1CDC03A43}.Release|Any CPU.Build.0 = Release|Any CPU
		{567F8400-1F99-4E66-B21B-8919BD5168C1}.Debug|Any CPU.ActiveCfg = Debug|Any CPU
		{567F8400-1F99-4E66-B21B-8919BD5168C1}.Debug|Any CPU.Build.0 = Debug|Any CPU
		{567F8400-1F99-4E66-B21B-8919BD5168C1}.Release|Any CPU.ActiveCfg = Release|Any CPU
		{567F8400-1F99-4E66-B21B-8919BD5168C1}.Release|Any CPU.Build.0 = Release|Any CPU
		{40C94627-0016-40F4-9356-C486B968FF43}.Debug|Any CPU.ActiveCfg = Debug|Any CPU
		{40C94627-0016-40F4-9356-C486B968FF43}.Debug|Any CPU.Build.0 = Debug|Any CPU
		{40C94627-0016-40F4-9356-C486B968FF43}.Release|Any CPU.ActiveCfg = Release|Any CPU
		{40C94627-0016-40F4-9356-C486B968FF43}.Release|Any CPU.Build.0 = Release|Any CPU
	EndGlobalSection
	GlobalSection(SolutionProperties) = preSolution
		HideSolutionNode = FALSE
	EndGlobalSection
	GlobalSection(NestedProjects) = preSolution
		{D4B5A0D0-38EC-404D-B3FD-424FE086A1D4} = {5C0AF7B6-09AE-4699-A0BC-AEEB11C9C3D1}
		{5C0AF7B6-09AE-4699-A0BC-AEEB11C9C3D1} = {03913A57-3D3D-494C-BCC2-2E4410906A51}
		{1F5BB176-25B6-408B-BD2A-652F7FCD0773} = {5C0AF7B6-09AE-4699-A0BC-AEEB11C9C3D1}
		{A19F4D25-C86A-4E74-96E3-36300D810BC3} = {03913A57-3D3D-494C-BCC2-2E4410906A51}
		{87055688-4D93-4F7E-8B8C-482C2DF60364} = {A19F4D25-C86A-4E74-96E3-36300D810BC3}
		{8E32F7E1-AB72-459A-98C6-D63D820FC888} = {A19F4D25-C86A-4E74-96E3-36300D810BC3}
		{930BFA77-BC4C-40F6-A457-01C10E0D2DB7} = {03913A57-3D3D-494C-BCC2-2E4410906A51}
		{F8A54696-AEFD-45C0-9F0C-ADE1CDC03A43} = {930BFA77-BC4C-40F6-A457-01C10E0D2DB7}
		{567F8400-1F99-4E66-B21B-8919BD5168C1} = {930BFA77-BC4C-40F6-A457-01C10E0D2DB7}
		{40C94627-0016-40F4-9356-C486B968FF43} = {42E25F8A-A5D3-4464-9C19-FE69380A6072}
	EndGlobalSection
	GlobalSection(ExtensibilityGlobals) = postSolution
		SolutionGuid = {E61FB0AF-6795-41ED-B85E-760CB3FFF522}
	EndGlobalSection
EndGlobal
